
Microsoft Visual Studio Solution File, Format Version 12.00
# Visual Studio Version 17
VisualStudioVersion = 17.0.31912.275
MinimumVisualStudioVersion = 10.0.40219.1
Project("{FAE04EC0-301F-11D3-BF4B-00C04F79EFBC}") = "Coordinates3", "Coordinates3\Coordinates3.csproj", "{9D26CD84-BE4C-4642-9F26-4500907291A6}"
EndProject
Global
	GlobalSection(SolutionConfigurationPlatforms) = preSolution
		Debug|Any CPU = Debug|Any CPU
		Release|Any CPU = Release|Any CPU
	EndGlobalSection
	GlobalSection(ProjectConfigurationPlatforms) = postSolution
		{9D26CD84-BE4C-4642-9F26-4500907291A6}.Debug|Any CPU.ActiveCfg = Debug|Any CPU
		{9D26CD84-BE4C-4642-9F26-4500907291A6}.Debug|Any CPU.Build.0 = Debug|Any CPU
		{9D26CD84-BE4C-4642-9F26-4500907291A6}.Release|Any CPU.ActiveCfg = Release|Any CPU
		{9D26CD84-BE4C-4642-9F26-4500907291A6}.Release|Any CPU.Build.0 = Release|Any CPU
	EndGlobalSection
	GlobalSection(SolutionProperties) = preSolution
		HideSolutionNode = FALSE
	EndGlobalSection
	GlobalSection(ExtensibilityGlobals) = postSolution
		SolutionGuid = {DD32057C-0928-4702-92B2-CA70B172B841}
	EndGlobalSection
EndGlobal
