
Microsoft Visual Studio Solution File, Format Version 12.00
# Visual Studio Version 17
VisualStudioVersion = 17.0.31912.275
MinimumVisualStudioVersion = 10.0.40219.1
Project("{FAE04EC0-301F-11D3-BF4B-00C04F79EFBC}") = "Coordinates2", "Coordinates2\Coordinates2.csproj", "{4D0C2AF1-39F4-4C40-A1D0-BEC978AD3879}"
EndProject
Global
	GlobalSection(SolutionConfigurationPlatforms) = preSolution
		Debug|Any CPU = Debug|Any CPU
		Release|Any CPU = Release|Any CPU
	EndGlobalSection
	GlobalSection(ProjectConfigurationPlatforms) = postSolution
		{4D0C2AF1-39F4-4C40-A1D0-BEC978AD3879}.Debug|Any CPU.ActiveCfg = Debug|Any CPU
		{4D0C2AF1-39F4-4C40-A1D0-BEC978AD3879}.Debug|Any CPU.Build.0 = Debug|Any CPU
		{4D0C2AF1-39F4-4C40-A1D0-BEC978AD3879}.Release|Any CPU.ActiveCfg = Release|Any CPU
		{4D0C2AF1-39F4-4C40-A1D0-BEC978AD3879}.Release|Any CPU.Build.0 = Release|Any CPU
	EndGlobalSection
	GlobalSection(SolutionProperties) = preSolution
		HideSolutionNode = FALSE
	EndGlobalSection
	GlobalSection(ExtensibilityGlobals) = postSolution
		SolutionGuid = {E6F7411A-E3C9-486E-A4C7-C32DA3E3B8AC}
	EndGlobalSection
EndGlobal
